// !$*UTF8*$!
{
	archiveVersion = 1;
	classes = {
	};
	objectVersion = 56;
	objects = {

/* Begin PBXBuildFile section */
		545BE8862A1F82E400324F88 /* DetailsVC.swift in Sources */ = {isa = PBXBuildFile; fileRef = 545BE8852A1F82E400324F88 /* DetailsVC.swift */; };
		546096972A1E5295006A17E5 /* PlacesVC.swift in Sources */ = {isa = PBXBuildFile; fileRef = 546096962A1E5295006A17E5 /* PlacesVC.swift */; };
		546096992A1F349A006A17E5 /* AddPlaceVC.swift in Sources */ = {isa = PBXBuildFile; fileRef = 546096982A1F349A006A17E5 /* AddPlaceVC.swift */; };
		5460969B2A1F3C18006A17E5 /* MapVC.swift in Sources */ = {isa = PBXBuildFile; fileRef = 5460969A2A1F3C18006A17E5 /* MapVC.swift */; };
		549642A82A1DF18D00C3D212 /* AppDelegate.swift in Sources */ = {isa = PBXBuildFile; fileRef = 549642A72A1DF18D00C3D212 /* AppDelegate.swift */; };
		549642AA2A1DF18D00C3D212 /* SceneDelegate.swift in Sources */ = {isa = PBXBuildFile; fileRef = 549642A92A1DF18D00C3D212 /* SceneDelegate.swift */; };
		549642AC2A1DF18D00C3D212 /* SignUpVC.swift in Sources */ = {isa = PBXBuildFile; fileRef = 549642AB2A1DF18D00C3D212 /* SignUpVC.swift */; };
		549642AF2A1DF18D00C3D212 /* Main.storyboard in Resources */ = {isa = PBXBuildFile; fileRef = 549642AD2A1DF18D00C3D212 /* Main.storyboard */; };
		549642B12A1DF18D00C3D212 /* Assets.xcassets in Resources */ = {isa = PBXBuildFile; fileRef = 549642B02A1DF18D00C3D212 /* Assets.xcassets */; };
		549642B42A1DF18D00C3D212 /* LaunchScreen.storyboard in Resources */ = {isa = PBXBuildFile; fileRef = 549642B22A1DF18D00C3D212 /* LaunchScreen.storyboard */; };
		54BA5B292A1E1D2900BF836F /* Bolts.framework in Frameworks */ = {isa = PBXBuildFile; fileRef = 54BA5B282A1E1D2900BF836F /* Bolts.framework */; };
		54BA5B2B2A1E1D3700BF836F /* Parse.framework in Frameworks */ = {isa = PBXBuildFile; fileRef = 54BA5B2A2A1E1D3700BF836F /* Parse.framework */; };
		6BB17E811C9E4E488CADE213 /* Pods_FoursquareClone.framework in Frameworks */ = {isa = PBXBuildFile; fileRef = 08657EE1679AA4E92B794B72 /* Pods_FoursquareClone.framework */; };
/* End PBXBuildFile section */

/* Begin PBXFileReference section */
		08657EE1679AA4E92B794B72 /* Pods_FoursquareClone.framework */ = {isa = PBXFileReference; explicitFileType = wrapper.framework; includeInIndex = 0; path = Pods_FoursquareClone.framework; sourceTree = BUILT_PRODUCTS_DIR; };
		4D37C00C652A3DF34953D15A /* Pods-FoursquareClone.debug.xcconfig */ = {isa = PBXFileReference; includeInIndex = 1; lastKnownFileType = text.xcconfig; name = "Pods-FoursquareClone.debug.xcconfig"; path = "Target Support Files/Pods-FoursquareClone/Pods-FoursquareClone.debug.xcconfig"; sourceTree = "<group>"; };
		545BE8852A1F82E400324F88 /* DetailsVC.swift */ = {isa = PBXFileReference; lastKnownFileType = sourcecode.swift; path = DetailsVC.swift; sourceTree = "<group>"; };
		546096962A1E5295006A17E5 /* PlacesVC.swift */ = {isa = PBXFileReference; lastKnownFileType = sourcecode.swift; path = PlacesVC.swift; sourceTree = "<group>"; };
		546096982A1F349A006A17E5 /* AddPlaceVC.swift */ = {isa = PBXFileReference; lastKnownFileType = sourcecode.swift; path = AddPlaceVC.swift; sourceTree = "<group>"; };
		5460969A2A1F3C18006A17E5 /* MapVC.swift */ = {isa = PBXFileReference; lastKnownFileType = sourcecode.swift; path = MapVC.swift; sourceTree = "<group>"; };
		549642A42A1DF18D00C3D212 /* FoursquareClone.app */ = {isa = PBXFileReference; explicitFileType = wrapper.application; includeInIndex = 0; path = FoursquareClone.app; sourceTree = BUILT_PRODUCTS_DIR; };
		549642A72A1DF18D00C3D212 /* AppDelegate.swift */ = {isa = PBXFileReference; lastKnownFileType = sourcecode.swift; path = AppDelegate.swift; sourceTree = "<group>"; };
		549642A92A1DF18D00C3D212 /* SceneDelegate.swift */ = {isa = PBXFileReference; lastKnownFileType = sourcecode.swift; path = SceneDelegate.swift; sourceTree = "<group>"; };
		549642AB2A1DF18D00C3D212 /* SignUpVC.swift */ = {isa = PBXFileReference; lastKnownFileType = sourcecode.swift; path = SignUpVC.swift; sourceTree = "<group>"; };
		549642AE2A1DF18D00C3D212 /* Base */ = {isa = PBXFileReference; lastKnownFileType = file.storyboard; name = Base; path = Base.lproj/Main.storyboard; sourceTree = "<group>"; };
		549642B02A1DF18D00C3D212 /* Assets.xcassets */ = {isa = PBXFileReference; lastKnownFileType = folder.assetcatalog; path = Assets.xcassets; sourceTree = "<group>"; };
		549642B32A1DF18D00C3D212 /* Base */ = {isa = PBXFileReference; lastKnownFileType = file.storyboard; name = Base; path = Base.lproj/LaunchScreen.storyboard; sourceTree = "<group>"; };
		549642B52A1DF18D00C3D212 /* Info.plist */ = {isa = PBXFileReference; lastKnownFileType = text.plist.xml; path = Info.plist; sourceTree = "<group>"; };
		54BA5B262A1E1D2300BF836F /* Bolts.framework */ = {isa = PBXFileReference; explicitFileType = wrapper.framework; path = Bolts.framework; sourceTree = BUILT_PRODUCTS_DIR; };
		54BA5B282A1E1D2900BF836F /* Bolts.framework */ = {isa = PBXFileReference; explicitFileType = wrapper.framework; path = Bolts.framework; sourceTree = BUILT_PRODUCTS_DIR; };
		54BA5B2A2A1E1D3700BF836F /* Parse.framework */ = {isa = PBXFileReference; explicitFileType = wrapper.framework; path = Parse.framework; sourceTree = BUILT_PRODUCTS_DIR; };
		C5CCC806CAAD782DD8A91C17 /* Pods-FoursquareClone.release.xcconfig */ = {isa = PBXFileReference; includeInIndex = 1; lastKnownFileType = text.xcconfig; name = "Pods-FoursquareClone.release.xcconfig"; path = "Target Support Files/Pods-FoursquareClone/Pods-FoursquareClone.release.xcconfig"; sourceTree = "<group>"; };
/* End PBXFileReference section */

/* Begin PBXFrameworksBuildPhase section */
		549642A12A1DF18D00C3D212 /* Frameworks */ = {
			isa = PBXFrameworksBuildPhase;
			buildActionMask = 2147483647;
			files = (
				54BA5B2B2A1E1D3700BF836F /* Parse.framework in Frameworks */,
				54BA5B292A1E1D2900BF836F /* Bolts.framework in Frameworks */,
				6BB17E811C9E4E488CADE213 /* Pods_FoursquareClone.framework in Frameworks */,
			);
			runOnlyForDeploymentPostprocessing = 0;
		};
/* End PBXFrameworksBuildPhase section */

/* Begin PBXGroup section */
		5496429B2A1DF18D00C3D212 = {
			isa = PBXGroup;
			children = (
				549642A62A1DF18D00C3D212 /* FoursquareClone */,
				549642A52A1DF18D00C3D212 /* Products */,
				A39EDB9531EDC7ADCF51863A /* Pods */,
				CEE23DE2F6CAE63165379E46 /* Frameworks */,
			);
			sourceTree = "<group>";
		};
		549642A52A1DF18D00C3D212 /* Products */ = {
			isa = PBXGroup;
			children = (
				549642A42A1DF18D00C3D212 /* FoursquareClone.app */,
			);
			name = Products;
			sourceTree = "<group>";
		};
		549642A62A1DF18D00C3D212 /* FoursquareClone */ = {
			isa = PBXGroup;
			children = (
				549642A72A1DF18D00C3D212 /* AppDelegate.swift */,
				549642A92A1DF18D00C3D212 /* SceneDelegate.swift */,
				549642AB2A1DF18D00C3D212 /* SignUpVC.swift */,
				546096962A1E5295006A17E5 /* PlacesVC.swift */,
				546096982A1F349A006A17E5 /* AddPlaceVC.swift */,
				5460969A2A1F3C18006A17E5 /* MapVC.swift */,
				545BE8852A1F82E400324F88 /* DetailsVC.swift */,
				549642AD2A1DF18D00C3D212 /* Main.storyboard */,
				549642B02A1DF18D00C3D212 /* Assets.xcassets */,
				549642B22A1DF18D00C3D212 /* LaunchScreen.storyboard */,
				549642B52A1DF18D00C3D212 /* Info.plist */,
			);
			path = FoursquareClone;
			sourceTree = "<group>";
		};
		A39EDB9531EDC7ADCF51863A /* Pods */ = {
			isa = PBXGroup;
			children = (
				4D37C00C652A3DF34953D15A /* Pods-FoursquareClone.debug.xcconfig */,
				C5CCC806CAAD782DD8A91C17 /* Pods-FoursquareClone.release.xcconfig */,
			);
			path = Pods;
			sourceTree = "<group>";
		};
		CEE23DE2F6CAE63165379E46 /* Frameworks */ = {
			isa = PBXGroup;
			children = (
				54BA5B2A2A1E1D3700BF836F /* Parse.framework */,
				54BA5B282A1E1D2900BF836F /* Bolts.framework */,
				54BA5B262A1E1D2300BF836F /* Bolts.framework */,
				08657EE1679AA4E92B794B72 /* Pods_FoursquareClone.framework */,
			);
			name = Frameworks;
			sourceTree = "<group>";
		};
/* End PBXGroup section */

/* Begin PBXNativeTarget section */
		549642A32A1DF18D00C3D212 /* FoursquareClone */ = {
			isa = PBXNativeTarget;
			buildConfigurationList = 549642B82A1DF18D00C3D212 /* Build configuration list for PBXNativeTarget "FoursquareClone" */;
			buildPhases = (
				323E4332F3EBDBEDDE2B7777 /* [CP] Check Pods Manifest.lock */,
				549642A02A1DF18D00C3D212 /* Sources */,
				549642A12A1DF18D00C3D212 /* Frameworks */,
				549642A22A1DF18D00C3D212 /* Resources */,
				8C354E4CD321A71031FA1CF3 /* [CP] Embed Pods Frameworks */,
			);
			buildRules = (
			);
			dependencies = (
			);
			name = FoursquareClone;
			productName = FoursquareClone;
			productReference = 549642A42A1DF18D00C3D212 /* FoursquareClone.app */;
			productType = "com.apple.product-type.application";
		};
/* End PBXNativeTarget section */

/* Begin PBXProject section */
		5496429C2A1DF18D00C3D212 /* Project object */ = {
			isa = PBXProject;
			attributes = {
				BuildIndependentTargetsInParallel = 1;
				LastSwiftUpdateCheck = 1430;
				LastUpgradeCheck = 1430;
				TargetAttributes = {
					549642A32A1DF18D00C3D212 = {
						CreatedOnToolsVersion = 14.3;
					};
				};
			};
			buildConfigurationList = 5496429F2A1DF18D00C3D212 /* Build configuration list for PBXProject "FoursquareClone" */;
			compatibilityVersion = "Xcode 14.0";
			developmentRegion = en;
			hasScannedForEncodings = 0;
			knownRegions = (
				en,
				Base,
			);
			mainGroup = 5496429B2A1DF18D00C3D212;
			productRefGroup = 549642A52A1DF18D00C3D212 /* Products */;
			projectDirPath = "";
			projectRoot = "";
			targets = (
				549642A32A1DF18D00C3D212 /* FoursquareClone */,
			);
		};
/* End PBXProject section */

/* Begin PBXResourcesBuildPhase section */
		549642A22A1DF18D00C3D212 /* Resources */ = {
			isa = PBXResourcesBuildPhase;
			buildActionMask = 2147483647;
			files = (
				549642B42A1DF18D00C3D212 /* LaunchScreen.storyboard in Resources */,
				549642B12A1DF18D00C3D212 /* Assets.xcassets in Resources */,
				549642AF2A1DF18D00C3D212 /* Main.storyboard in Resources */,
			);
			runOnlyForDeploymentPostprocessing = 0;
		};
/* End PBXResourcesBuildPhase section */

/* Begin PBXShellScriptBuildPhase section */
		323E4332F3EBDBEDDE2B7777 /* [CP] Check Pods Manifest.lock */ = {
			isa = PBXShellScriptBuildPhase;
			buildActionMask = 2147483647;
			files = (
			);
			inputFileListPaths = (
			);
			inputPaths = (
				"${PODS_PODFILE_DIR_PATH}/Podfile.lock",
				"${PODS_ROOT}/Manifest.lock",
			);
			name = "[CP] Check Pods Manifest.lock";
			outputFileListPaths = (
			);
			outputPaths = (
				"$(DERIVED_FILE_DIR)/Pods-FoursquareClone-checkManifestLockResult.txt",
			);
			runOnlyForDeploymentPostprocessing = 0;
			shellPath = /bin/sh;
			shellScript = "diff \"${PODS_PODFILE_DIR_PATH}/Podfile.lock\" \"${PODS_ROOT}/Manifest.lock\" > /dev/null\nif [ $? != 0 ] ; then\n    # print error to STDERR\n    echo \"error: The sandbox is not in sync with the Podfile.lock. Run 'pod install' or update your CocoaPods installation.\" >&2\n    exit 1\nfi\n# This output is used by Xcode 'outputs' to avoid re-running this script phase.\necho \"SUCCESS\" > \"${SCRIPT_OUTPUT_FILE_0}\"\n";
			showEnvVarsInLog = 0;
		};
		8C354E4CD321A71031FA1CF3 /* [CP] Embed Pods Frameworks */ = {
			isa = PBXShellScriptBuildPhase;
			buildActionMask = 2147483647;
			files = (
			);
			inputFileListPaths = (
				"${PODS_ROOT}/Target Support Files/Pods-FoursquareClone/Pods-FoursquareClone-frameworks-${CONFIGURATION}-input-files.xcfilelist",
			);
			name = "[CP] Embed Pods Frameworks";
			outputFileListPaths = (
				"${PODS_ROOT}/Target Support Files/Pods-FoursquareClone/Pods-FoursquareClone-frameworks-${CONFIGURATION}-output-files.xcfilelist",
			);
			runOnlyForDeploymentPostprocessing = 0;
			shellPath = /bin/sh;
			shellScript = "\"${PODS_ROOT}/Target Support Files/Pods-FoursquareClone/Pods-FoursquareClone-frameworks.sh\"\n";
			showEnvVarsInLog = 0;
		};
/* End PBXShellScriptBuildPhase section */

/* Begin PBXSourcesBuildPhase section */
		549642A02A1DF18D00C3D212 /* Sources */ = {
			isa = PBXSourcesBuildPhase;
			buildActionMask = 2147483647;
			files = (
				549642AC2A1DF18D00C3D212 /* SignUpVC.swift in Sources */,
				5460969B2A1F3C18006A17E5 /* MapVC.swift in Sources */,
				549642A82A1DF18D00C3D212 /* AppDelegate.swift in Sources */,
				546096972A1E5295006A17E5 /* PlacesVC.swift in Sources */,
				545BE8862A1F82E400324F88 /* DetailsVC.swift in Sources */,
				546096992A1F349A006A17E5 /* AddPlaceVC.swift in Sources */,
				549642AA2A1DF18D00C3D212 /* SceneDelegate.swift in Sources */,
			);
			runOnlyForDeploymentPostprocessing = 0;
		};
/* End PBXSourcesBuildPhase section */

/* Begin PBXVariantGroup section */
		549642AD2A1DF18D00C3D212 /* Main.storyboard */ = {
			isa = PBXVariantGroup;
			children = (
				549642AE2A1DF18D00C3D212 /* Base */,
			);
			name = Main.storyboard;
			sourceTree = "<group>";
		};
		549642B22A1DF18D00C3D212 /* LaunchScreen.storyboard */ = {
			isa = PBXVariantGroup;
			children = (
				549642B32A1DF18D00C3D212 /* Base */,
			);
			name = LaunchScreen.storyboard;
			sourceTree = "<group>";
		};
/* End PBXVariantGroup section */

/* Begin XCBuildConfiguration section */
		549642B62A1DF18D00C3D212 /* Debug */ = {
			isa = XCBuildConfiguration;
			buildSettings = {
				ALWAYS_SEARCH_USER_PATHS = NO;
				CLANG_ANALYZER_NONNULL = YES;
				CLANG_ANALYZER_NUMBER_OBJECT_CONVERSION = YES_AGGRESSIVE;
				CLANG_CXX_LANGUAGE_STANDARD = "gnu++20";
				CLANG_ENABLE_MODULES = YES;
				CLANG_ENABLE_OBJC_ARC = YES;
				CLANG_ENABLE_OBJC_WEAK = YES;
				CLANG_WARN_BLOCK_CAPTURE_AUTORELEASING = YES;
				CLANG_WARN_BOOL_CONVERSION = YES;
				CLANG_WARN_COMMA = YES;
				CLANG_WARN_CONSTANT_CONVERSION = YES;
				CLANG_WARN_DEPRECATED_OBJC_IMPLEMENTATIONS = YES;
				CLANG_WARN_DIRECT_OBJC_ISA_USAGE = YES_ERROR;
				CLANG_WARN_DOCUMENTATION_COMMENTS = YES;
				CLANG_WARN_EMPTY_BODY = YES;
				CLANG_WARN_ENUM_CONVERSION = YES;
				CLANG_WARN_INFINITE_RECURSION = YES;
				CLANG_WARN_INT_CONVERSION = YES;
				CLANG_WARN_NON_LITERAL_NULL_CONVERSION = YES;
				CLANG_WARN_OBJC_IMPLICIT_RETAIN_SELF = YES;
				CLANG_WARN_OBJC_LITERAL_CONVERSION = YES;
				CLANG_WARN_OBJC_ROOT_CLASS = YES_ERROR;
				CLANG_WARN_QUOTED_INCLUDE_IN_FRAMEWORK_HEADER = YES;
				CLANG_WARN_RANGE_LOOP_ANALYSIS = YES;
				CLANG_WARN_STRICT_PROTOTYPES = YES;
				CLANG_WARN_SUSPICIOUS_MOVE = YES;
				CLANG_WARN_UNGUARDED_AVAILABILITY = YES_AGGRESSIVE;
				CLANG_WARN_UNREACHABLE_CODE = YES;
				CLANG_WARN__DUPLICATE_METHOD_MATCH = YES;
				COPY_PHASE_STRIP = NO;
				DEBUG_INFORMATION_FORMAT = dwarf;
				ENABLE_STRICT_OBJC_MSGSEND = YES;
				ENABLE_TESTABILITY = YES;
				GCC_C_LANGUAGE_STANDARD = gnu11;
				GCC_DYNAMIC_NO_PIC = NO;
				GCC_NO_COMMON_BLOCKS = YES;
				GCC_OPTIMIZATION_LEVEL = 0;
				GCC_PREPROCESSOR_DEFINITIONS = (
					"DEBUG=1",
					"$(inherited)",
				);
				GCC_WARN_64_TO_32_BIT_CONVERSION = YES;
				GCC_WARN_ABOUT_RETURN_TYPE = YES_ERROR;
				GCC_WARN_UNDECLARED_SELECTOR = YES;
				GCC_WARN_UNINITIALIZED_AUTOS = YES_AGGRESSIVE;
				GCC_WARN_UNUSED_FUNCTION = YES;
				GCC_WARN_UNUSED_VARIABLE = YES;
				IPHONEOS_DEPLOYMENT_TARGET = 16.4;
				MTL_ENABLE_DEBUG_INFO = INCLUDE_SOURCE;
				MTL_FAST_MATH = YES;
				ONLY_ACTIVE_ARCH = YES;
				SDKROOT = iphoneos;
				SWIFT_ACTIVE_COMPILATION_CONDITIONS = DEBUG;
				SWIFT_OPTIMIZATION_LEVEL = "-Onone";
			};
			name = Debug;
		};
		549642B72A1DF18D00C3D212 /* Release */ = {
			isa = XCBuildConfiguration;
			buildSettings = {
				ALWAYS_SEARCH_USER_PATHS = NO;
				CLANG_ANALYZER_NONNULL = YES;
				CLANG_ANALYZER_NUMBER_OBJECT_CONVERSION = YES_AGGRESSIVE;
				CLANG_CXX_LANGUAGE_STANDARD = "gnu++20";
				CLANG_ENABLE_MODULES = YES;
				CLANG_ENABLE_OBJC_ARC = YES;
				CLANG_ENABLE_OBJC_WEAK = YES;
				CLANG_WARN_BLOCK_CAPTURE_AUTORELEASING = YES;
				CLANG_WARN_BOOL_CONVERSION = YES;
				CLANG_WARN_COMMA = YES;
				CLANG_WARN_CONSTANT_CONVERSION = YES;
				CLANG_WARN_DEPRECATED_OBJC_IMPLEMENTATIONS = YES;
				CLANG_WARN_DIRECT_OBJC_ISA_USAGE = YES_ERROR;
				CLANG_WARN_DOCUMENTATION_COMMENTS = YES;
				CLANG_WARN_EMPTY_BODY = YES;
				CLANG_WARN_ENUM_CONVERSION = YES;
				CLANG_WARN_INFINITE_RECURSION = YES;
				CLANG_WARN_INT_CONVERSION = YES;
				CLANG_WARN_NON_LITERAL_NULL_CONVERSION = YES;
				CLANG_WARN_OBJC_IMPLICIT_RETAIN_SELF = YES;
				CLANG_WARN_OBJC_LITERAL_CONVERSION = YES;
				CLANG_WARN_OBJC_ROOT_CLASS = YES_ERROR;
				CLANG_WARN_QUOTED_INCLUDE_IN_FRAMEWORK_HEADER = YES;
				CLANG_WARN_RANGE_LOOP_ANALYSIS = YES;
				CLANG_WARN_STRICT_PROTOTYPES = YES;
				CLANG_WARN_SUSPICIOUS_MOVE = YES;
				CLANG_WARN_UNGUARDED_AVAILABILITY = YES_AGGRESSIVE;
				CLANG_WARN_UNREACHABLE_CODE = YES;
				CLANG_WARN__DUPLICATE_METHOD_MATCH = YES;
				COPY_PHASE_STRIP = NO;
				DEBUG_INFORMATION_FORMAT = "dwarf-with-dsym";
				ENABLE_NS_ASSERTIONS = NO;
				ENABLE_STRICT_OBJC_MSGSEND = YES;
				GCC_C_LANGUAGE_STANDARD = gnu11;
				GCC_NO_COMMON_BLOCKS = YES;
				GCC_WARN_64_TO_32_BIT_CONVERSION = YES;
				GCC_WARN_ABOUT_RETURN_TYPE = YES_ERROR;
				GCC_WARN_UNDECLARED_SELECTOR = YES;
				GCC_WARN_UNINITIALIZED_AUTOS = YES_AGGRESSIVE;
				GCC_WARN_UNUSED_FUNCTION = YES;
				GCC_WARN_UNUSED_VARIABLE = YES;
				IPHONEOS_DEPLOYMENT_TARGET = 16.4;
				MTL_ENABLE_DEBUG_INFO = NO;
				MTL_FAST_MATH = YES;
				SDKROOT = iphoneos;
				SWIFT_COMPILATION_MODE = wholemodule;
				SWIFT_OPTIMIZATION_LEVEL = "-O";
				VALIDATE_PRODUCT = YES;
			};
			name = Release;
		};
		549642B92A1DF18D00C3D212 /* Debug */ = {
			isa = XCBuildConfiguration;
			baseConfigurationReference = 4D37C00C652A3DF34953D15A /* Pods-FoursquareClone.debug.xcconfig */;
			buildSettings = {
				ASSETCATALOG_COMPILER_APPICON_NAME = AppIcon;
				ASSETCATALOG_COMPILER_GLOBAL_ACCENT_COLOR_NAME = AccentColor;
				CODE_SIGN_STYLE = Automatic;
				CURRENT_PROJECT_VERSION = 1;
				DEVELOPMENT_TEAM = 4A7RL6JQLF;
				GENERATE_INFOPLIST_FILE = YES;
				INFOPLIST_FILE = FoursquareClone/Info.plist;
				INFOPLIST_KEY_UIApplicationSupportsIndirectInputEvents = YES;
				INFOPLIST_KEY_UILaunchStoryboardName = LaunchScreen;
				INFOPLIST_KEY_UIMainStoryboardFile = Main;
				INFOPLIST_KEY_UISupportedInterfaceOrientations_iPad = "UIInterfaceOrientationPortrait UIInterfaceOrientationPortraitUpsideDown UIInterfaceOrientationLandscapeLeft UIInterfaceOrientationLandscapeRight";
				INFOPLIST_KEY_UISupportedInterfaceOrientations_iPhone = "UIInterfaceOrientationPortrait UIInterfaceOrientationLandscapeLeft UIInterfaceOrientationLandscapeRight";
				LD_RUNPATH_SEARCH_PATHS = (
					"$(inherited)",
					"@executable_path/Frameworks",
				);
				MARKETING_VERSION = 1.0;
				PRODUCT_BUNDLE_IDENTIFIER = com.meltemugurlu.FoursquareClone;
				PRODUCT_NAME = "$(TARGET_NAME)";
				SWIFT_EMIT_LOC_STRINGS = YES;
				SWIFT_VERSION = 5.0;
				TARGETED_DEVICE_FAMILY = "1,2";
			};
			name = Debug;
		};
		549642BA2A1DF18D00C3D212 /* Release */ = {
			isa = XCBuildConfiguration;
			baseConfigurationReference = C5CCC806CAAD782DD8A91C17 /* Pods-FoursquareClone.release.xcconfig */;
			buildSettings = {
				ASSETCATALOG_COMPILER_APPICON_NAME = AppIcon;
				ASSETCATALOG_COMPILER_GLOBAL_ACCENT_COLOR_NAME = AccentColor;
				CODE_SIGN_STYLE = Automatic;
				CURRENT_PROJECT_VERSION = 1;
				DEVELOPMENT_TEAM = 4A7RL6JQLF;
				GENERATE_INFOPLIST_FILE = YES;
				INFOPLIST_FILE = FoursquareClone/Info.plist;
				INFOPLIST_KEY_UIApplicationSupportsIndirectInputEvents = YES;
				INFOPLIST_KEY_UILaunchStoryboardName = LaunchScreen;
				INFOPLIST_KEY_UIMainStoryboardFile = Main;
				INFOPLIST_KEY_UISupportedInterfaceOrientations_iPad = "UIInterfaceOrientationPortrait UIInterfaceOrientationPortraitUpsideDown UIInterfaceOrientationLandscapeLeft UIInterfaceOrientationLandscapeRight";
				INFOPLIST_KEY_UISupportedInterfaceOrientations_iPhone = "UIInterfaceOrientationPortrait UIInterfaceOrientationLandscapeLeft UIInterfaceOrientationLandscapeRight";
				LD_RUNPATH_SEARCH_PATHS = (
					"$(inherited)",
					"@executable_path/Frameworks",
				);
				MARKETING_VERSION = 1.0;
				PRODUCT_BUNDLE_IDENTIFIER = com.meltemugurlu.FoursquareClone;
				PRODUCT_NAME = "$(TARGET_NAME)";
				SWIFT_EMIT_LOC_STRINGS = YES;
				SWIFT_VERSION = 5.0;
				TARGETED_DEVICE_FAMILY = "1,2";
			};
			name = Release;
		};
/* End XCBuildConfiguration section */

/* Begin XCConfigurationList section */
		5496429F2A1DF18D00C3D212 /* Build configuration list for PBXProject "FoursquareClone" */ = {
			isa = XCConfigurationList;
			buildConfigurations = (
				549642B62A1DF18D00C3D212 /* Debug */,
				549642B72A1DF18D00C3D212 /* Release */,
			);
			defaultConfigurationIsVisible = 0;
			defaultConfigurationName = Release;
		};
		549642B82A1DF18D00C3D212 /* Build configuration list for PBXNativeTarget "FoursquareClone" */ = {
			isa = XCConfigurationList;
			buildConfigurations = (
				549642B92A1DF18D00C3D212 /* Debug */,
				549642BA2A1DF18D00C3D212 /* Release */,
			);
			defaultConfigurationIsVisible = 0;
			defaultConfigurationName = Release;
		};
/* End XCConfigurationList section */
	};
	rootObject = 5496429C2A1DF18D00C3D212 /* Project object */;
}
